
Microsoft Visual Studio Solution File, Format Version 12.00
# Visual Studio 15
VisualStudioVersion = 15.0.28307.421
MinimumVisualStudioVersion = 10.0.40219.1
Project("{2150E333-8FDC-42A3-9474-1A3956D46DE8}") = "DAL", "DAL", "{DB84DEED-FE98-419E-8D57-ED6D2ABB012D}"
EndProject
Project("{2150E333-8FDC-42A3-9474-1A3956D46DE8}") = "BLL", "BLL", "{AE77FA49-F305-461F-8C90-298AD0F73852}"
EndProject
Project("{2150E333-8FDC-42A3-9474-1A3956D46DE8}") = "PL", "PL", "{335EF571-E8C9-4000-90D2-08DDB00DF8EC}"
EndProject
Project("{FAE04EC0-301F-11D3-BF4B-00C04F79EFBC}") = "BLL", "..\BLL\BLL.csproj", "{52C188CE-740F-40AB-9C68-8ABE584B0ED4}"
EndProject
Project("{FAE04EC0-301F-11D3-BF4B-00C04F79EFBC}") = "BLL.Interface", "BLL.Interface\BLL.Interface.csproj", "{EDCE818E-9DCF-49B1-95D3-C48407FE275E}"
EndProject
Project("{FAE04EC0-301F-11D3-BF4B-00C04F79EFBC}") = "DAL", "DAL\DAL.csproj", "{D73ACBA2-58DC-4E83-A95B-17F276BD5A85}"
EndProject
Project("{FAE04EC0-301F-11D3-BF4B-00C04F79EFBC}") = "WebUI", "WebUI\WebUI.csproj", "{06D92B4C-D60B-4031-9B91-E086EBE78ADB}"
EndProject
Global
	GlobalSection(SolutionConfigurationPlatforms) = preSolution
		Debug|Any CPU = Debug|Any CPU
		Release|Any CPU = Release|Any CPU
	EndGlobalSection
	GlobalSection(ProjectConfigurationPlatforms) = postSolution
		{52C188CE-740F-40AB-9C68-8ABE584B0ED4}.Debug|Any CPU.ActiveCfg = Debug|Any CPU
		{52C188CE-740F-40AB-9C68-8ABE584B0ED4}.Debug|Any CPU.Build.0 = Debug|Any CPU
		{52C188CE-740F-40AB-9C68-8ABE584B0ED4}.Release|Any CPU.ActiveCfg = Release|Any CPU
		{52C188CE-740F-40AB-9C68-8ABE584B0ED4}.Release|Any CPU.Build.0 = Release|Any CPU
		{EDCE818E-9DCF-49B1-95D3-C48407FE275E}.Debug|Any CPU.ActiveCfg = Debug|Any CPU
		{EDCE818E-9DCF-49B1-95D3-C48407FE275E}.Debug|Any CPU.Build.0 = Debug|Any CPU
		{EDCE818E-9DCF-49B1-95D3-C48407FE275E}.Release|Any CPU.ActiveCfg = Release|Any CPU
		{EDCE818E-9DCF-49B1-95D3-C48407FE275E}.Release|Any CPU.Build.0 = Release|Any CPU
		{D73ACBA2-58DC-4E83-A95B-17F276BD5A85}.Debug|Any CPU.ActiveCfg = Debug|Any CPU
		{D73ACBA2-58DC-4E83-A95B-17F276BD5A85}.Debug|Any CPU.Build.0 = Debug|Any CPU
		{D73ACBA2-58DC-4E83-A95B-17F276BD5A85}.Release|Any CPU.ActiveCfg = Release|Any CPU
		{D73ACBA2-58DC-4E83-A95B-17F276BD5A85}.Release|Any CPU.Build.0 = Release|Any CPU
		{06D92B4C-D60B-4031-9B91-E086EBE78ADB}.Debug|Any CPU.ActiveCfg = Debug|Any CPU
		{06D92B4C-D60B-4031-9B91-E086EBE78ADB}.Debug|Any CPU.Build.0 = Debug|Any CPU
		{06D92B4C-D60B-4031-9B91-E086EBE78ADB}.Release|Any CPU.ActiveCfg = Release|Any CPU
		{06D92B4C-D60B-4031-9B91-E086EBE78ADB}.Release|Any CPU.Build.0 = Release|Any CPU
	EndGlobalSection
	GlobalSection(SolutionProperties) = preSolution
		HideSolutionNode = FALSE
	EndGlobalSection
	GlobalSection(NestedProjects) = preSolution
		{52C188CE-740F-40AB-9C68-8ABE584B0ED4} = {AE77FA49-F305-461F-8C90-298AD0F73852}
		{EDCE818E-9DCF-49B1-95D3-C48407FE275E} = {AE77FA49-F305-461F-8C90-298AD0F73852}
		{D73ACBA2-58DC-4E83-A95B-17F276BD5A85} = {DB84DEED-FE98-419E-8D57-ED6D2ABB012D}
		{06D92B4C-D60B-4031-9B91-E086EBE78ADB} = {335EF571-E8C9-4000-90D2-08DDB00DF8EC}
	EndGlobalSection
	GlobalSection(ExtensibilityGlobals) = postSolution
		SolutionGuid = {A3734347-B55C-40BE-87B0-765D7C84223A}
	EndGlobalSection
EndGlobal
